
Microsoft Visual Studio Solution File, Format Version 12.00
# Visual Studio Version 17
VisualStudioVersion = 17.0.31912.275
MinimumVisualStudioVersion = 10.0.40219.1
Project("{FAE04EC0-301F-11D3-BF4B-00C04F79EFBC}") = "Cus.WebForm", "UseSQLWebApplication1\Cus.WebForm.csproj", "{9907F988-73E8-4B7B-8297-0AE117BA35B0}"
EndProject
Project("{FAE04EC0-301F-11D3-BF4B-00C04F79EFBC}") = "Cus.DataAccess", "Cus.DataAccess\Cus.DataAccess.csproj", "{D26F6E7D-A88F-4FF5-B550-59CFD992C938}"
EndProject
Project("{FAE04EC0-301F-11D3-BF4B-00C04F79EFBC}") = "Cus.Entities", "Cus.Entities\Cus.Entities.csproj", "{51F3B29A-3AC4-4E57-8B46-3669899684D4}"
EndProject
Project("{FAE04EC0-301F-11D3-BF4B-00C04F79EFBC}") = "Cus.Models", "Cus.Models\Cus.Models.csproj", "{79D1C3BE-6A1C-492D-847F-D249FBC9236F}"
EndProject
Project("{FAE04EC0-301F-11D3-BF4B-00C04F79EFBC}") = "Cus.ViewModels", "Cus.ViewModels\Cus.ViewModels.csproj", "{4CD0FA17-1123-446B-92F1-B7A400827FBF}"
EndProject
Project("{FAE04EC0-301F-11D3-BF4B-00C04F79EFBC}") = "Cus.Services", "Cus.Services\Cus.Services.csproj", "{26A9C01E-4088-4A8E-BDA8-ACE12FE23494}"
EndProject
Project("{FAE04EC0-301F-11D3-BF4B-00C04F79EFBC}") = "Cus.MVC5", "Cus.MVC5\Cus.MVC5.csproj", "{B0F73C0C-54FA-4DA7-8FF2-12517BD63464}"
EndProject
Project("{2150E333-8FDC-42A3-9474-1A3956D46DE8}") = "WebSites", "WebSites", "{1D6607F6-9178-4C6A-8B0E-7BDB90E446FE}"
EndProject
Project("{2150E333-8FDC-42A3-9474-1A3956D46DE8}") = "Services", "Services", "{A82C380A-75F7-4771-8CD2-8B26B7EE5340}"
EndProject
Project("{2150E333-8FDC-42A3-9474-1A3956D46DE8}") = "DataTier", "DataTier", "{F9B89EC3-6E52-4708-8DE6-F77B541CA4B7}"
EndProject
Project("{2150E333-8FDC-42A3-9474-1A3956D46DE8}") = "Business", "Business", "{B61ECB48-EF65-4F37-A7B3-0566C8B5CE15}"
EndProject
Project("{2150E333-8FDC-42A3-9474-1A3956D46DE8}") = "Solution Items", "Solution Items", "{CDF74BD9-880D-43E6-BC1D-8F5CED5D3167}"
	ProjectSection(SolutionItems) = preProject
		README.md = README.md
	EndProjectSection
EndProject
Project("{2150E333-8FDC-42A3-9474-1A3956D46DE8}") = "BlazorHostedByServer", "BlazorHostedByServer", "{90C8BE59-8CFF-472A-B520-17833AB28EF9}"
EndProject
Project("{FAE04EC0-301F-11D3-BF4B-00C04F79EFBC}") = "BlazorCusApp1.Server", "BlazorCusApp1\Server\BlazorCusApp1.Server.csproj", "{E7E5E232-6F47-4836-B12B-7C7A4F6ECB12}"
EndProject
Project("{FAE04EC0-301F-11D3-BF4B-00C04F79EFBC}") = "BlazorCusApp1.Client", "BlazorCusApp1\Client\BlazorCusApp1.Client.csproj", "{F768F458-65B1-4B9E-9C99-0463EAACCE67}"
EndProject
Project("{FAE04EC0-301F-11D3-BF4B-00C04F79EFBC}") = "BlazorCusApp1.Shared", "BlazorCusApp1\Shared\BlazorCusApp1.Shared.csproj", "{7B6D3F6D-B2C4-432D-9E88-42D33576D5FE}"
EndProject
Global
	GlobalSection(SolutionConfigurationPlatforms) = preSolution
		Debug|Any CPU = Debug|Any CPU
		Release|Any CPU = Release|Any CPU
	EndGlobalSection
	GlobalSection(ProjectConfigurationPlatforms) = postSolution
		{9907F988-73E8-4B7B-8297-0AE117BA35B0}.Debug|Any CPU.ActiveCfg = Debug|Any CPU
		{9907F988-73E8-4B7B-8297-0AE117BA35B0}.Debug|Any CPU.Build.0 = Debug|Any CPU
		{9907F988-73E8-4B7B-8297-0AE117BA35B0}.Release|Any CPU.ActiveCfg = Release|Any CPU
		{9907F988-73E8-4B7B-8297-0AE117BA35B0}.Release|Any CPU.Build.0 = Release|Any CPU
		{D26F6E7D-A88F-4FF5-B550-59CFD992C938}.Debug|Any CPU.ActiveCfg = Debug|Any CPU
		{D26F6E7D-A88F-4FF5-B550-59CFD992C938}.Debug|Any CPU.Build.0 = Debug|Any CPU
		{D26F6E7D-A88F-4FF5-B550-59CFD992C938}.Release|Any CPU.ActiveCfg = Release|Any CPU
		{D26F6E7D-A88F-4FF5-B550-59CFD992C938}.Release|Any CPU.Build.0 = Release|Any CPU
		{51F3B29A-3AC4-4E57-8B46-3669899684D4}.Debug|Any CPU.ActiveCfg = Debug|Any CPU
		{51F3B29A-3AC4-4E57-8B46-3669899684D4}.Debug|Any CPU.Build.0 = Debug|Any CPU
		{51F3B29A-3AC4-4E57-8B46-3669899684D4}.Release|Any CPU.ActiveCfg = Release|Any CPU
		{51F3B29A-3AC4-4E57-8B46-3669899684D4}.Release|Any CPU.Build.0 = Release|Any CPU
		{79D1C3BE-6A1C-492D-847F-D249FBC9236F}.Debug|Any CPU.ActiveCfg = Debug|Any CPU
		{79D1C3BE-6A1C-492D-847F-D249FBC9236F}.Debug|Any CPU.Build.0 = Debug|Any CPU
		{79D1C3BE-6A1C-492D-847F-D249FBC9236F}.Release|Any CPU.ActiveCfg = Release|Any CPU
		{79D1C3BE-6A1C-492D-847F-D249FBC9236F}.Release|Any CPU.Build.0 = Release|Any CPU
		{4CD0FA17-1123-446B-92F1-B7A400827FBF}.Debug|Any CPU.ActiveCfg = Debug|Any CPU
		{4CD0FA17-1123-446B-92F1-B7A400827FBF}.Debug|Any CPU.Build.0 = Debug|Any CPU
		{4CD0FA17-1123-446B-92F1-B7A400827FBF}.Release|Any CPU.ActiveCfg = Release|Any CPU
		{4CD0FA17-1123-446B-92F1-B7A400827FBF}.Release|Any CPU.Build.0 = Release|Any CPU
		{26A9C01E-4088-4A8E-BDA8-ACE12FE23494}.Debug|Any CPU.ActiveCfg = Debug|Any CPU
		{26A9C01E-4088-4A8E-BDA8-ACE12FE23494}.Debug|Any CPU.Build.0 = Debug|Any CPU
		{26A9C01E-4088-4A8E-BDA8-ACE12FE23494}.Release|Any CPU.ActiveCfg = Release|Any CPU
		{26A9C01E-4088-4A8E-BDA8-ACE12FE23494}.Release|Any CPU.Build.0 = Release|Any CPU
		{B0F73C0C-54FA-4DA7-8FF2-12517BD63464}.Debug|Any CPU.ActiveCfg = Debug|Any CPU
		{B0F73C0C-54FA-4DA7-8FF2-12517BD63464}.Debug|Any CPU.Build.0 = Debug|Any CPU
		{B0F73C0C-54FA-4DA7-8FF2-12517BD63464}.Release|Any CPU.ActiveCfg = Release|Any CPU
		{B0F73C0C-54FA-4DA7-8FF2-12517BD63464}.Release|Any CPU.Build.0 = Release|Any CPU
		{E7E5E232-6F47-4836-B12B-7C7A4F6ECB12}.Debug|Any CPU.ActiveCfg = Debug|Any CPU
		{E7E5E232-6F47-4836-B12B-7C7A4F6ECB12}.Debug|Any CPU.Build.0 = Debug|Any CPU
		{E7E5E232-6F47-4836-B12B-7C7A4F6ECB12}.Release|Any CPU.ActiveCfg = Release|Any CPU
		{E7E5E232-6F47-4836-B12B-7C7A4F6ECB12}.Release|Any CPU.Build.0 = Release|Any CPU
		{F768F458-65B1-4B9E-9C99-0463EAACCE67}.Debug|Any CPU.ActiveCfg = Debug|Any CPU
		{F768F458-65B1-4B9E-9C99-0463EAACCE67}.Debug|Any CPU.Build.0 = Debug|Any CPU
		{F768F458-65B1-4B9E-9C99-0463EAACCE67}.Release|Any CPU.ActiveCfg = Release|Any CPU
		{F768F458-65B1-4B9E-9C99-0463EAACCE67}.Release|Any CPU.Build.0 = Release|Any CPU
		{7B6D3F6D-B2C4-432D-9E88-42D33576D5FE}.Debug|Any CPU.ActiveCfg = Debug|Any CPU
		{7B6D3F6D-B2C4-432D-9E88-42D33576D5FE}.Debug|Any CPU.Build.0 = Debug|Any CPU
		{7B6D3F6D-B2C4-432D-9E88-42D33576D5FE}.Release|Any CPU.ActiveCfg = Release|Any CPU
		{7B6D3F6D-B2C4-432D-9E88-42D33576D5FE}.Release|Any CPU.Build.0 = Release|Any CPU
	EndGlobalSection
	GlobalSection(SolutionProperties) = preSolution
		HideSolutionNode = FALSE
	EndGlobalSection
	GlobalSection(NestedProjects) = preSolution
		{9907F988-73E8-4B7B-8297-0AE117BA35B0} = {1D6607F6-9178-4C6A-8B0E-7BDB90E446FE}
		{D26F6E7D-A88F-4FF5-B550-59CFD992C938} = {F9B89EC3-6E52-4708-8DE6-F77B541CA4B7}
		{51F3B29A-3AC4-4E57-8B46-3669899684D4} = {F9B89EC3-6E52-4708-8DE6-F77B541CA4B7}
		{79D1C3BE-6A1C-492D-847F-D249FBC9236F} = {B61ECB48-EF65-4F37-A7B3-0566C8B5CE15}
		{4CD0FA17-1123-446B-92F1-B7A400827FBF} = {A82C380A-75F7-4771-8CD2-8B26B7EE5340}
		{26A9C01E-4088-4A8E-BDA8-ACE12FE23494} = {A82C380A-75F7-4771-8CD2-8B26B7EE5340}
		{B0F73C0C-54FA-4DA7-8FF2-12517BD63464} = {1D6607F6-9178-4C6A-8B0E-7BDB90E446FE}
		{90C8BE59-8CFF-472A-B520-17833AB28EF9} = {1D6607F6-9178-4C6A-8B0E-7BDB90E446FE}
		{E7E5E232-6F47-4836-B12B-7C7A4F6ECB12} = {90C8BE59-8CFF-472A-B520-17833AB28EF9}
		{F768F458-65B1-4B9E-9C99-0463EAACCE67} = {90C8BE59-8CFF-472A-B520-17833AB28EF9}
		{7B6D3F6D-B2C4-432D-9E88-42D33576D5FE} = {90C8BE59-8CFF-472A-B520-17833AB28EF9}
	EndGlobalSection
	GlobalSection(ExtensibilityGlobals) = postSolution
		SolutionGuid = {6DC7D3B0-DDDC-48E1-B57B-1347087449D3}
	EndGlobalSection
EndGlobal
